
Microsoft Visual Studio Solution File, Format Version 12.00
# Visual Studio Version 16
VisualStudioVersion = 16.0.31624.102
MinimumVisualStudioVersion = 10.0.40219.1
Project("{FAE04EC0-301F-11D3-BF4B-00C04F79EFBC}") = "SumoGH", "SumoGH\SumoGH.csproj", "{393ABF3F-C2CB-4E83-B772-26AFA9EB371C}"
EndProject
Global
	GlobalSection(SolutionConfigurationPlatforms) = preSolution
		Debug|Any CPU = Debug|Any CPU
		Release|Any CPU = Release|Any CPU
	EndGlobalSection
	GlobalSection(ProjectConfigurationPlatforms) = postSolution
		{393ABF3F-C2CB-4E83-B772-26AFA9EB371C}.Debug|Any CPU.ActiveCfg = Debug|Any CPU
		{393ABF3F-C2CB-4E83-B772-26AFA9EB371C}.Debug|Any CPU.Build.0 = Debug|Any CPU
		{393ABF3F-C2CB-4E83-B772-26AFA9EB371C}.Release|Any CPU.ActiveCfg = Release|Any CPU
		{393ABF3F-C2CB-4E83-B772-26AFA9EB371C}.Release|Any CPU.Build.0 = Release|Any CPU
	EndGlobalSection
	GlobalSection(SolutionProperties) = preSolution
		HideSolutionNode = FALSE
	EndGlobalSection
	GlobalSection(ExtensibilityGlobals) = postSolution
		SolutionGuid = {C5D89408-5290-4491-9562-A8970093C4D4}
	EndGlobalSection
EndGlobal
